// !$*UTF8*$!
{
	archiveVersion = 1;
	classes = {
	};
	objectVersion = 46;
	objects = {

/* Begin PBXBuildFile section */
		C90F30FA1F16415B00ECD030 /* main.m in Sources */ = {isa = PBXBuildFile; fileRef = C90F30F91F16415B00ECD030 /* main.m */; };
		C90F30FD1F16415B00ECD030 /* AppDelegate.m in Sources */ = {isa = PBXBuildFile; fileRef = C90F30FC1F16415B00ECD030 /* AppDelegate.m */; };
		C90F31001F16415B00ECD030 /* ViewController.m in Sources */ = {isa = PBXBuildFile; fileRef = C90F30FF1F16415B00ECD030 /* ViewController.m */; };
		C90F31031F16415B00ECD030 /* Main.storyboard in Resources */ = {isa = PBXBuildFile; fileRef = C90F31011F16415B00ECD030 /* Main.storyboard */; };
		C90F31051F16415B00ECD030 /* Assets.xcassets in Resources */ = {isa = PBXBuildFile; fileRef = C90F31041F16415B00ECD030 /* Assets.xcassets */; };
		C90F31081F16415B00ECD030 /* LaunchScreen.storyboard in Resources */ = {isa = PBXBuildFile; fileRef = C90F31061F16415B00ECD030 /* LaunchScreen.storyboard */; };
		C90F31131F16415B00ECD030 /* StartRequestDemoTests.m in Sources */ = {isa = PBXBuildFile; fileRef = C90F31121F16415B00ECD030 /* StartRequestDemoTests.m */; };
		C90F311E1F16415B00ECD030 /* StartRequestDemoUITests.m in Sources */ = {isa = PBXBuildFile; fileRef = C90F311D1F16415B00ECD030 /* StartRequestDemoUITests.m */; };
/* End PBXBuildFile section */

/* Begin PBXContainerItemProxy section */
		C90F310F1F16415B00ECD030 /* PBXContainerItemProxy */ = {
			isa = PBXContainerItemProxy;
			containerPortal = C90F30ED1F16415B00ECD030 /* Project object */;
			proxyType = 1;
			remoteGlobalIDString = C90F30F41F16415B00ECD030;
			remoteInfo = StartRequestDemo;
		};
		C90F311A1F16415B00ECD030 /* PBXContainerItemProxy */ = {
			isa = PBXContainerItemProxy;
			containerPortal = C90F30ED1F16415B00ECD030 /* Project object */;
			proxyType = 1;
			remoteGlobalIDString = C90F30F41F16415B00ECD030;
			remoteInfo = StartRequestDemo;
		};
/* End PBXContainerItemProxy section */

/* Begin PBXFileReference section */
		C90F30F51F16415B00ECD030 /* StartRequestDemo.app */ = {isa = PBXFileReference; explicitFileType = wrapper.application; includeInIndex = 0; path = StartRequestDemo.app; sourceTree = BUILT_PRODUCTS_DIR; };
		C90F30F91F16415B00ECD030 /* main.m */ = {isa = PBXFileReference; lastKnownFileType = sourcecode.c.objc; path = main.m; sourceTree = "<group>"; };
		C90F30FB1F16415B00ECD030 /* AppDelegate.h */ = {isa = PBXFileReference; lastKnownFileType = sourcecode.c.h; path = AppDelegate.h; sourceTree = "<group>"; };
		C90F30FC1F16415B00ECD030 /* AppDelegate.m */ = {isa = PBXFileReference; lastKnownFileType = sourcecode.c.objc; path = AppDelegate.m; sourceTree = "<group>"; };
		C90F30FE1F16415B00ECD030 /* ViewController.h */ = {isa = PBXFileReference; lastKnownFileType = sourcecode.c.h; path = ViewController.h; sourceTree = "<group>"; };
		C90F30FF1F16415B00ECD030 /* ViewController.m */ = {isa = PBXFileReference; lastKnownFileType = sourcecode.c.objc; path = ViewController.m; sourceTree = "<group>"; };
		C90F31021F16415B00ECD030 /* Base */ = {isa = PBXFileReference; lastKnownFileType = file.storyboard; name = Base; path = Base.lproj/Main.storyboard; sourceTree = "<group>"; };
		C90F31041F16415B00ECD030 /* Assets.xcassets */ = {isa = PBXFileReference; lastKnownFileType = folder.assetcatalog; path = Assets.xcassets; sourceTree = "<group>"; };
		C90F31071F16415B00ECD030 /* Base */ = {isa = PBXFileReference; lastKnownFileType = file.storyboard; name = Base; path = Base.lproj/LaunchScreen.storyboard; sourceTree = "<group>"; };
		C90F31091F16415B00ECD030 /* Info.plist */ = {isa = PBXFileReference; lastKnownFileType = text.plist.xml; path = Info.plist; sourceTree = "<group>"; };
		C90F310E1F16415B00ECD030 /* StartRequestDemoTests.xctest */ = {isa = PBXFileReference; explicitFileType = wrapper.cfbundle; includeInIndex = 0; path = StartRequestDemoTests.xctest; sourceTree = BUILT_PRODUCTS_DIR; };
		C90F31121F16415B00ECD030 /* StartRequestDemoTests.m */ = {isa = PBXFileReference; lastKnownFileType = sourcecode.c.objc; path = StartRequestDemoTests.m; sourceTree = "<group>"; };
		C90F31141F16415B00ECD030 /* Info.plist */ = {isa = PBXFileReference; lastKnownFileType = text.plist.xml; path = Info.plist; sourceTree = "<group>"; };
		C90F31191F16415B00ECD030 /* StartRequestDemoUITests.xctest */ = {isa = PBXFileReference; explicitFileType = wrapper.cfbundle; includeInIndex = 0; path = StartRequestDemoUITests.xctest; sourceTree = BUILT_PRODUCTS_DIR; };
		C90F311D1F16415B00ECD030 /* StartRequestDemoUITests.m */ = {isa = PBXFileReference; lastKnownFileType = sourcecode.c.objc; path = StartRequestDemoUITests.m; sourceTree = "<group>"; };
		C90F311F1F16415B00ECD030 /* Info.plist */ = {isa = PBXFileReference; lastKnownFileType = text.plist.xml; path = Info.plist; sourceTree = "<group>"; };
/* End PBXFileReference section */

/* Begin PBXFrameworksBuildPhase section */
		C90F30F21F16415B00ECD030 /* Frameworks */ = {
			isa = PBXFrameworksBuildPhase;
			buildActionMask = 2147483647;
			files = (
			);
			runOnlyForDeploymentPostprocessing = 0;
		};
		C90F310B1F16415B00ECD030 /* Frameworks */ = {
			isa = PBXFrameworksBuildPhase;
			buildActionMask = 2147483647;
			files = (
			);
			runOnlyForDeploymentPostprocessing = 0;
		};
		C90F31161F16415B00ECD030 /* Frameworks */ = {
			isa = PBXFrameworksBuildPhase;
			buildActionMask = 2147483647;
			files = (
			);
			runOnlyForDeploymentPostprocessing = 0;
		};
/* End PBXFrameworksBuildPhase section */

/* Begin PBXGroup section */
		C90F30EC1F16415B00ECD030 = {
			isa = PBXGroup;
			children = (
				C90F30F71F16415B00ECD030 /* StartRequestDemo */,
				C90F31111F16415B00ECD030 /* StartRequestDemoTests */,
				C90F311C1F16415B00ECD030 /* StartRequestDemoUITests */,
				C90F30F61F16415B00ECD030 /* Products */,
			);
			sourceTree = "<group>";
		};
		C90F30F61F16415B00ECD030 /* Products */ = {
			isa = PBXGroup;
			children = (
				C90F30F51F16415B00ECD030 /* StartRequestDemo.app */,
				C90F310E1F16415B00ECD030 /* StartRequestDemoTests.xctest */,
				C90F31191F16415B00ECD030 /* StartRequestDemoUITests.xctest */,
			);
			name = Products;
			sourceTree = "<group>";
		};
		C90F30F71F16415B00ECD030 /* StartRequestDemo */ = {
			isa = PBXGroup;
			children = (
				C90F30FB1F16415B00ECD030 /* AppDelegate.h */,
				C90F30FC1F16415B00ECD030 /* AppDelegate.m */,
				C90F30FE1F16415B00ECD030 /* ViewController.h */,
				C90F30FF1F16415B00ECD030 /* ViewController.m */,
				C90F31011F16415B00ECD030 /* Main.storyboard */,
				C90F31041F16415B00ECD030 /* Assets.xcassets */,
				C90F31061F16415B00ECD030 /* LaunchScreen.storyboard */,
				C90F31091F16415B00ECD030 /* Info.plist */,
				C90F30F81F16415B00ECD030 /* Supporting Files */,
			);
			path = StartRequestDemo;
			sourceTree = "<group>";
		};
		C90F30F81F16415B00ECD030 /* Supporting Files */ = {
			isa = PBXGroup;
			children = (
				C90F30F91F16415B00ECD030 /* main.m */,
			);
			name = "Supporting Files";
			sourceTree = "<group>";
		};
		C90F31111F16415B00ECD030 /* StartRequestDemoTests */ = {
			isa = PBXGroup;
			children = (
				C90F31121F16415B00ECD030 /* StartRequestDemoTests.m */,
				C90F31141F16415B00ECD030 /* Info.plist */,
			);
			path = StartRequestDemoTests;
			sourceTree = "<group>";
		};
		C90F311C1F16415B00ECD030 /* StartRequestDemoUITests */ = {
			isa = PBXGroup;
			children = (
				C90F311D1F16415B00ECD030 /* StartRequestDemoUITests.m */,
				C90F311F1F16415B00ECD030 /* Info.plist */,
			);
			path = StartRequestDemoUITests;
			sourceTree = "<group>";
		};
/* End PBXGroup section */

/* Begin PBXNativeTarget section */
		C90F30F41F16415B00ECD030 /* StartRequestDemo */ = {
			isa = PBXNativeTarget;
			buildConfigurationList = C90F31221F16415B00ECD030 /* Build configuration list for PBXNativeTarget "StartRequestDemo" */;
			buildPhases = (
				C90F30F11F16415B00ECD030 /* Sources */,
				C90F30F21F16415B00ECD030 /* Frameworks */,
				C90F30F31F16415B00ECD030 /* Resources */,
			);
			buildRules = (
			);
			dependencies = (
			);
			name = StartRequestDemo;
			productName = StartRequestDemo;
			productReference = C90F30F51F16415B00ECD030 /* StartRequestDemo.app */;
			productType = "com.apple.product-type.application";
		};
		C90F310D1F16415B00ECD030 /* StartRequestDemoTests */ = {
			isa = PBXNativeTarget;
			buildConfigurationList = C90F31251F16415B00ECD030 /* Build configuration list for PBXNativeTarget "StartRequestDemoTests" */;
			buildPhases = (
				C90F310A1F16415B00ECD030 /* Sources */,
				C90F310B1F16415B00ECD030 /* Frameworks */,
				C90F310C1F16415B00ECD030 /* Resources */,
			);
			buildRules = (
			);
			dependencies = (
				C90F31101F16415B00ECD030 /* PBXTargetDependency */,
			);
			name = StartRequestDemoTests;
			productName = StartRequestDemoTests;
			productReference = C90F310E1F16415B00ECD030 /* StartRequestDemoTests.xctest */;
			productType = "com.apple.product-type.bundle.unit-test";
		};
		C90F31181F16415B00ECD030 /* StartRequestDemoUITests */ = {
			isa = PBXNativeTarget;
			buildConfigurationList = C90F31281F16415B00ECD030 /* Build configuration list for PBXNativeTarget "StartRequestDemoUITests" */;
			buildPhases = (
				C90F31151F16415B00ECD030 /* Sources */,
				C90F31161F16415B00ECD030 /* Frameworks */,
				C90F31171F16415B00ECD030 /* Resources */,
			);
			buildRules = (
			);
			dependencies = (
				C90F311B1F16415B00ECD030 /* PBXTargetDependency */,
			);
			name = StartRequestDemoUITests;
			productName = StartRequestDemoUITests;
			productReference = C90F31191F16415B00ECD030 /* StartRequestDemoUITests.xctest */;
			productType = "com.apple.product-type.bundle.ui-testing";
		};
/* End PBXNativeTarget section */

/* Begin PBXProject section */
		C90F30ED1F16415B00ECD030 /* Project object */ = {
			isa = PBXProject;
			attributes = {
				LastUpgradeCheck = 0830;
				ORGANIZATIONNAME = Start;
				TargetAttributes = {
					C90F30F41F16415B00ECD030 = {
						CreatedOnToolsVersion = 8.3.3;
						ProvisioningStyle = Automatic;
					};
					C90F310D1F16415B00ECD030 = {
						CreatedOnToolsVersion = 8.3.3;
						ProvisioningStyle = Automatic;
						TestTargetID = C90F30F41F16415B00ECD030;
					};
					C90F31181F16415B00ECD030 = {
						CreatedOnToolsVersion = 8.3.3;
						ProvisioningStyle = Automatic;
						TestTargetID = C90F30F41F16415B00ECD030;
					};
				};
			};
			buildConfigurationList = C90F30F01F16415B00ECD030 /* Build configuration list for PBXProject "StartRequestDemo" */;
			compatibilityVersion = "Xcode 3.2";
			developmentRegion = English;
			hasScannedForEncodings = 0;
			knownRegions = (
				en,
				Base,
			);
			mainGroup = C90F30EC1F16415B00ECD030;
			productRefGroup = C90F30F61F16415B00ECD030 /* Products */;
			projectDirPath = "";
			projectRoot = "";
			targets = (
				C90F30F41F16415B00ECD030 /* StartRequestDemo */,
				C90F310D1F16415B00ECD030 /* StartRequestDemoTests */,
				C90F31181F16415B00ECD030 /* StartRequestDemoUITests */,
			);
		};
/* End PBXProject section */

/* Begin PBXResourcesBuildPhase section */
		C90F30F31F16415B00ECD030 /* Resources */ = {
			isa = PBXResourcesBuildPhase;
			buildActionMask = 2147483647;
			files = (
				C90F31081F16415B00ECD030 /* LaunchScreen.storyboard in Resources */,
				C90F31051F16415B00ECD030 /* Assets.xcassets in Resources */,
				C90F31031F16415B00ECD030 /* Main.storyboard in Resources */,
			);
			runOnlyForDeploymentPostprocessing = 0;
		};
		C90F310C1F16415B00ECD030 /* Resources */ = {
			isa = PBXResourcesBuildPhase;
			buildActionMask = 2147483647;
			files = (
			);
			runOnlyForDeploymentPostprocessing = 0;
		};
		C90F31171F16415B00ECD030 /* Resources */ = {
			isa = PBXResourcesBuildPhase;
			buildActionMask = 2147483647;
			files = (
			);
			runOnlyForDeploymentPostprocessing = 0;
		};
/* End PBXResourcesBuildPhase section */

/* Begin PBXSourcesBuildPhase section */
		C90F30F11F16415B00ECD030 /* Sources */ = {
			isa = PBXSourcesBuildPhase;
			buildActionMask = 2147483647;
			files = (
				C90F31001F16415B00ECD030 /* ViewController.m in Sources */,
				C90F30FD1F16415B00ECD030 /* AppDelegate.m in Sources */,
				C90F30FA1F16415B00ECD030 /* main.m in Sources */,
			);
			runOnlyForDeploymentPostprocessing = 0;
		};
		C90F310A1F16415B00ECD030 /* Sources */ = {
			isa = PBXSourcesBuildPhase;
			buildActionMask = 2147483647;
			files = (
				C90F31131F16415B00ECD030 /* StartRequestDemoTests.m in Sources */,
			);
			runOnlyForDeploymentPostprocessing = 0;
		};
		C90F31151F16415B00ECD030 /* Sources */ = {
			isa = PBXSourcesBuildPhase;
			buildActionMask = 2147483647;
			files = (
				C90F311E1F16415B00ECD030 /* StartRequestDemoUITests.m in Sources */,
			);
			runOnlyForDeploymentPostprocessing = 0;
		};
/* End PBXSourcesBuildPhase section */

/* Begin PBXTargetDependency section */
		C90F31101F16415B00ECD030 /* PBXTargetDependency */ = {
			isa = PBXTargetDependency;
			target = C90F30F41F16415B00ECD030 /* StartRequestDemo */;
			targetProxy = C90F310F1F16415B00ECD030 /* PBXContainerItemProxy */;
		};
		C90F311B1F16415B00ECD030 /* PBXTargetDependency */ = {
			isa = PBXTargetDependency;
			target = C90F30F41F16415B00ECD030 /* StartRequestDemo */;
			targetProxy = C90F311A1F16415B00ECD030 /* PBXContainerItemProxy */;
		};
/* End PBXTargetDependency section */

/* Begin PBXVariantGroup section */
		C90F31011F16415B00ECD030 /* Main.storyboard */ = {
			isa = PBXVariantGroup;
			children = (
				C90F31021F16415B00ECD030 /* Base */,
			);
			name = Main.storyboard;
			sourceTree = "<group>";
		};
		C90F31061F16415B00ECD030 /* LaunchScreen.storyboard */ = {
			isa = PBXVariantGroup;
			children = (
				C90F31071F16415B00ECD030 /* Base */,
			);
			name = LaunchScreen.storyboard;
			sourceTree = "<group>";
		};
/* End PBXVariantGroup section */

/* Begin XCBuildConfiguration section */
		C90F31201F16415B00ECD030 /* Debug */ = {
			isa = XCBuildConfiguration;
			buildSettings = {
				ALWAYS_SEARCH_USER_PATHS = NO;
				CLANG_ANALYZER_NONNULL = YES;
				CLANG_ANALYZER_NUMBER_OBJECT_CONVERSION = YES_AGGRESSIVE;
				CLANG_CXX_LANGUAGE_STANDARD = "gnu++0x";
				CLANG_CXX_LIBRARY = "libc++";
				CLANG_ENABLE_MODULES = YES;
				CLANG_ENABLE_OBJC_ARC = YES;
				CLANG_WARN_BOOL_CONVERSION = YES;
				CLANG_WARN_CONSTANT_CONVERSION = YES;
				CLANG_WARN_DIRECT_OBJC_ISA_USAGE = YES_ERROR;
				CLANG_WARN_DOCUMENTATION_COMMENTS = YES;
				CLANG_WARN_EMPTY_BODY = YES;
				CLANG_WARN_ENUM_CONVERSION = YES;
				CLANG_WARN_INFINITE_RECURSION = YES;
				CLANG_WARN_INT_CONVERSION = YES;
				CLANG_WARN_OBJC_ROOT_CLASS = YES_ERROR;
				CLANG_WARN_SUSPICIOUS_MOVE = YES;
				CLANG_WARN_UNREACHABLE_CODE = YES;
				CLANG_WARN__DUPLICATE_METHOD_MATCH = YES;
				"CODE_SIGN_IDENTITY[sdk=iphoneos*]" = "iPhone Developer";
				COPY_PHASE_STRIP = NO;
				DEBUG_INFORMATION_FORMAT = dwarf;
				ENABLE_STRICT_OBJC_MSGSEND = YES;
				ENABLE_TESTABILITY = YES;
				GCC_C_LANGUAGE_STANDARD = gnu99;
				GCC_DYNAMIC_NO_PIC = NO;
				GCC_NO_COMMON_BLOCKS = YES;
				GCC_OPTIMIZATION_LEVEL = 0;
				GCC_PREPROCESSOR_DEFINITIONS = (
					"DEBUG=1",
					"$(inherited)",
				);
				GCC_WARN_64_TO_32_BIT_CONVERSION = YES;
				GCC_WARN_ABOUT_RETURN_TYPE = YES_ERROR;
				GCC_WARN_UNDECLARED_SELECTOR = YES;
				GCC_WARN_UNINITIALIZED_AUTOS = YES_AGGRESSIVE;
				GCC_WARN_UNUSED_FUNCTION = YES;
				GCC_WARN_UNUSED_VARIABLE = YES;
				IPHONEOS_DEPLOYMENT_TARGET = 10.3;
				MTL_ENABLE_DEBUG_INFO = YES;
				ONLY_ACTIVE_ARCH = YES;
				SDKROOT = iphoneos;
			};
			name = Debug;
		};
		C90F31211F16415B00ECD030 /* Release */ = {
			isa = XCBuildConfiguration;
			buildSettings = {
				ALWAYS_SEARCH_USER_PATHS = NO;
				CLANG_ANALYZER_NONNULL = YES;
				CLANG_ANALYZER_NUMBER_OBJECT_CONVERSION = YES_AGGRESSIVE;
				CLANG_CXX_LANGUAGE_STANDARD = "gnu++0x";
				CLANG_CXX_LIBRARY = "libc++";
				CLANG_ENABLE_MODULES = YES;
				CLANG_ENABLE_OBJC_ARC = YES;
				CLANG_WARN_BOOL_CONVERSION = YES;
				CLANG_WARN_CONSTANT_CONVERSION = YES;
				CLANG_WARN_DIRECT_OBJC_ISA_USAGE = YES_ERROR;
				CLANG_WARN_DOCUMENTATION_COMMENTS = YES;
				CLANG_WARN_EMPTY_BODY = YES;
				CLANG_WARN_ENUM_CONVERSION = YES;
				CLANG_WARN_INFINITE_RECURSION = YES;
				CLANG_WARN_INT_CONVERSION = YES;
				CLANG_WARN_OBJC_ROOT_CLASS = YES_ERROR;
				CLANG_WARN_SUSPICIOUS_MOVE = YES;
				CLANG_WARN_UNREACHABLE_CODE = YES;
				CLANG_WARN__DUPLICATE_METHOD_MATCH = YES;
				"CODE_SIGN_IDENTITY[sdk=iphoneos*]" = "iPhone Developer";
				COPY_PHASE_STRIP = NO;
				DEBUG_INFORMATION_FORMAT = "dwarf-with-dsym";
				ENABLE_NS_ASSERTIONS = NO;
				ENABLE_STRICT_OBJC_MSGSEND = YES;
				GCC_C_LANGUAGE_STANDARD = gnu99;
				GCC_NO_COMMON_BLOCKS = YES;
				GCC_WARN_64_TO_32_BIT_CONVERSION = YES;
				GCC_WARN_ABOUT_RETURN_TYPE = YES_ERROR;
				GCC_WARN_UNDECLARED_SELECTOR = YES;
				GCC_WARN_UNINITIALIZED_AUTOS = YES_AGGRESSIVE;
				GCC_WARN_UNUSED_FUNCTION = YES;
				GCC_WARN_UNUSED_VARIABLE = YES;
				IPHONEOS_DEPLOYMENT_TARGET = 10.3;
				MTL_ENABLE_DEBUG_INFO = NO;
				SDKROOT = iphoneos;
				VALIDATE_PRODUCT = YES;
			};
			name = Release;
		};
		C90F31231F16415B00ECD030 /* Debug */ = {
			isa = XCBuildConfiguration;
			buildSettings = {
				ASSETCATALOG_COMPILER_APPICON_NAME = AppIcon;
				INFOPLIST_FILE = StartRequestDemo/Info.plist;
				LD_RUNPATH_SEARCH_PATHS = "$(inherited) @executable_path/Frameworks";
				PRODUCT_BUNDLE_IDENTIFIER = Start.StartRequestDemo;
				PRODUCT_NAME = "$(TARGET_NAME)";
			};
			name = Debug;
		};
		C90F31241F16415B00ECD030 /* Release */ = {
			isa = XCBuildConfiguration;
			buildSettings = {
				ASSETCATALOG_COMPILER_APPICON_NAME = AppIcon;
				INFOPLIST_FILE = StartRequestDemo/Info.plist;
				LD_RUNPATH_SEARCH_PATHS = "$(inherited) @executable_path/Frameworks";
				PRODUCT_BUNDLE_IDENTIFIER = Start.StartRequestDemo;
				PRODUCT_NAME = "$(TARGET_NAME)";
			};
			name = Release;
		};
		C90F31261F16415B00ECD030 /* Debug */ = {
			isa = XCBuildConfiguration;
			buildSettings = {
				BUNDLE_LOADER = "$(TEST_HOST)";
				INFOPLIST_FILE = StartRequestDemoTests/Info.plist;
				LD_RUNPATH_SEARCH_PATHS = "$(inherited) @executable_path/Frameworks @loader_path/Frameworks";
				PRODUCT_BUNDLE_IDENTIFIER = Start.StartRequestDemoTests;
				PRODUCT_NAME = "$(TARGET_NAME)";
				TEST_HOST = "$(BUILT_PRODUCTS_DIR)/StartRequestDemo.app/StartRequestDemo";
			};
			name = Debug;
		};
		C90F31271F16415B00ECD030 /* Release */ = {
			isa = XCBuildConfiguration;
			buildSettings = {
				BUNDLE_LOADER = "$(TEST_HOST)";
				INFOPLIST_FILE = StartRequestDemoTests/Info.plist;
				LD_RUNPATH_SEARCH_PATHS = "$(inherited) @executable_path/Frameworks @loader_path/Frameworks";
				PRODUCT_BUNDLE_IDENTIFIER = Start.StartRequestDemoTests;
				PRODUCT_NAME = "$(TARGET_NAME)";
				TEST_HOST = "$(BUILT_PRODUCTS_DIR)/StartRequestDemo.app/StartRequestDemo";
			};
			name = Release;
		};
		C90F31291F16415B00ECD030 /* Debug */ = {
			isa = XCBuildConfiguration;
			buildSettings = {
				INFOPLIST_FILE = StartRequestDemoUITests/Info.plist;
				LD_RUNPATH_SEARCH_PATHS = "$(inherited) @executable_path/Frameworks @loader_path/Frameworks";
				PRODUCT_BUNDLE_IDENTIFIER = Start.StartRequestDemoUITests;
				PRODUCT_NAME = "$(TARGET_NAME)";
				TEST_TARGET_NAME = StartRequestDemo;
			};
			name = Debug;
		};
		C90F312A1F16415B00ECD030 /* Release */ = {
			isa = XCBuildConfiguration;
			buildSettings = {
				INFOPLIST_FILE = StartRequestDemoUITests/Info.plist;
				LD_RUNPATH_SEARCH_PATHS = "$(inherited) @executable_path/Frameworks @loader_path/Frameworks";
				PRODUCT_BUNDLE_IDENTIFIER = Start.StartRequestDemoUITests;
				PRODUCT_NAME = "$(TARGET_NAME)";
				TEST_TARGET_NAME = StartRequestDemo;
			};
			name = Release;
		};
/* End XCBuildConfiguration section */

/* Begin XCConfigurationList section */
		C90F30F01F16415B00ECD030 /* Build configuration list for PBXProject "StartRequestDemo" */ = {
			isa = XCConfigurationList;
			buildConfigurations = (
				C90F31201F16415B00ECD030 /* Debug */,
				C90F31211F16415B00ECD030 /* Release */,
			);
			defaultConfigurationIsVisible = 0;
			defaultConfigurationName = Release;
		};
		C90F31221F16415B00ECD030 /* Build configuration list for PBXNativeTarget "StartRequestDemo" */ = {
			isa = XCConfigurationList;
			buildConfigurations = (
				C90F31231F16415B00ECD030 /* Debug */,
				C90F31241F16415B00ECD030 /* Release */,
			);
			defaultConfigurationIsVisible = 0;
		};
		C90F31251F16415B00ECD030 /* Build configuration list for PBXNativeTarget "StartRequestDemoTests" */ = {
			isa = XCConfigurationList;
			buildConfigurations = (
				C90F31261F16415B00ECD030 /* Debug */,
				C90F31271F16415B00ECD030 /* Release */,
			);
			defaultConfigurationIsVisible = 0;
		};
		C90F31281F16415B00ECD030 /* Build configuration list for PBXNativeTarget "StartRequestDemoUITests" */ = {
			isa = XCConfigurationList;
			buildConfigurations = (
				C90F31291F16415B00ECD030 /* Debug */,
				C90F312A1F16415B00ECD030 /* Release */,
			);
			defaultConfigurationIsVisible = 0;
		};
/* End XCConfigurationList section */
	};
	rootObject = C90F30ED1F16415B00ECD030 /* Project object */;
}
